
Microsoft Visual Studio Solution File, Format Version 12.00
# Visual Studio Version 17
VisualStudioVersion = 17.8.34316.72
MinimumVisualStudioVersion = 10.0.40219.1
Project("{9A19103F-16F7-4668-BE54-9A1E7A4F7556}") = "CloudPrintAPI", "CloudPrintAPI\CloudPrintAPI.csproj", "{9C4F7B0C-B536-409F-B099-FD5FCADD265F}"
EndProject
Project("{9A19103F-16F7-4668-BE54-9A1E7A4F7556}") = "ExternalAPI", "ExternalAPITEST\ExternalAPI.csproj", "{81292393-167A-4A6B-B60F-8E6701F0115E}"
EndProject
Project("{2150E333-8FDC-42A3-9474-1A3956D46DE8}") = "Solution Items", "Solution Items", "{2EBC9D00-F8DD-4DB0-B89E-F75E436B5DED}"
	ProjectSection(SolutionItems) = preProject
		.gitignore = .gitignore
		azure-pipelines.yml = azure-pipelines.yml
	EndProjectSection
EndProject
Project("{FAE04EC0-301F-11D3-BF4B-00C04F79EFBC}") = "CommonUtils", "APITest.Utils\CommonUtils.csproj", "{E389B87A-B82B-42FB-B4B2-08DC0D27A0E3}"
EndProject
Global
	GlobalSection(SolutionConfigurationPlatforms) = preSolution
		Debug|Any CPU = Debug|Any CPU
		Release|Any CPU = Release|Any CPU
	EndGlobalSection
	GlobalSection(ProjectConfigurationPlatforms) = postSolution
		{9C4F7B0C-B536-409F-B099-FD5FCADD265F}.Debug|Any CPU.ActiveCfg = Debug|Any CPU
		{9C4F7B0C-B536-409F-B099-FD5FCADD265F}.Debug|Any CPU.Build.0 = Debug|Any CPU
		{9C4F7B0C-B536-409F-B099-FD5FCADD265F}.Release|Any CPU.ActiveCfg = Release|Any CPU
		{9C4F7B0C-B536-409F-B099-FD5FCADD265F}.Release|Any CPU.Build.0 = Release|Any CPU
		{81292393-167A-4A6B-B60F-8E6701F0115E}.Debug|Any CPU.ActiveCfg = Debug|Any CPU
		{81292393-167A-4A6B-B60F-8E6701F0115E}.Debug|Any CPU.Build.0 = Debug|Any CPU
		{81292393-167A-4A6B-B60F-8E6701F0115E}.Release|Any CPU.ActiveCfg = Release|Any CPU
		{81292393-167A-4A6B-B60F-8E6701F0115E}.Release|Any CPU.Build.0 = Release|Any CPU
		{E389B87A-B82B-42FB-B4B2-08DC0D27A0E3}.Debug|Any CPU.ActiveCfg = Debug|Any CPU
		{E389B87A-B82B-42FB-B4B2-08DC0D27A0E3}.Debug|Any CPU.Build.0 = Debug|Any CPU
		{E389B87A-B82B-42FB-B4B2-08DC0D27A0E3}.Release|Any CPU.ActiveCfg = Release|Any CPU
		{E389B87A-B82B-42FB-B4B2-08DC0D27A0E3}.Release|Any CPU.Build.0 = Release|Any CPU
	EndGlobalSection
	GlobalSection(SolutionProperties) = preSolution
		HideSolutionNode = FALSE
	EndGlobalSection
	GlobalSection(ExtensibilityGlobals) = postSolution
		SolutionGuid = {98213F2B-332A-4FDC-B83A-5F68EF2A9A89}
	EndGlobalSection
EndGlobal
